
Microsoft Visual Studio Solution File, Format Version 12.00
# Visual Studio Version 17
VisualStudioVersion = 17.6.33815.320
MinimumVisualStudioVersion = 10.0.40219.1
Project("{FAE04EC0-301F-11D3-BF4B-00C04F79EFBC}") = "Mine_Monitoring", "Mine_Monitoring\Mine_Monitoring.csproj", "{E89186CC-2118-4E4C-BA7E-F5A9FFEF4731}"
EndProject
Global
	GlobalSection(SolutionConfigurationPlatforms) = preSolution
		Debug|Any CPU = Debug|Any CPU
		Release|Any CPU = Release|Any CPU
	EndGlobalSection
	GlobalSection(ProjectConfigurationPlatforms) = postSolution
		{E89186CC-2118-4E4C-BA7E-F5A9FFEF4731}.Debug|Any CPU.ActiveCfg = Debug|Any CPU
		{E89186CC-2118-4E4C-BA7E-F5A9FFEF4731}.Debug|Any CPU.Build.0 = Debug|Any CPU
		{E89186CC-2118-4E4C-BA7E-F5A9FFEF4731}.Release|Any CPU.ActiveCfg = Release|Any CPU
		{E89186CC-2118-4E4C-BA7E-F5A9FFEF4731}.Release|Any CPU.Build.0 = Release|Any CPU
	EndGlobalSection
	GlobalSection(SolutionProperties) = preSolution
		HideSolutionNode = FALSE
	EndGlobalSection
	GlobalSection(ExtensibilityGlobals) = postSolution
		SolutionGuid = {BDBEAB16-737C-4029-A208-291248E5BDEC}
	EndGlobalSection
EndGlobal
